// !$*UTF8*$!
{
	archiveVersion = 1;
	classes = {
	};
	objectVersion = 50;
	objects = {

/* Begin PBXBuildFile section */
		A70EEED020E5C16E00BD213C /* AppDelegate.swift in Sources */ = {isa = PBXBuildFile; fileRef = A70EEECF20E5C16E00BD213C /* AppDelegate.swift */; };
		A70EEED220E5C16E00BD213C /* ViewController.swift in Sources */ = {isa = PBXBuildFile; fileRef = A70EEED120E5C16E00BD213C /* ViewController.swift */; };
		A70EEED520E5C16E00BD213C /* Main.storyboard in Resources */ = {isa = PBXBuildFile; fileRef = A70EEED320E5C16E00BD213C /* Main.storyboard */; };
		A70EEED720E5C17500BD213C /* Assets.xcassets in Resources */ = {isa = PBXBuildFile; fileRef = A70EEED620E5C17500BD213C /* Assets.xcassets */; };
		A70EEEDA20E5C17500BD213C /* LaunchScreen.storyboard in Resources */ = {isa = PBXBuildFile; fileRef = A70EEED820E5C17500BD213C /* LaunchScreen.storyboard */; };
		A70EEEE520E5C17600BD213C /* helloxcodeTests.swift in Sources */ = {isa = PBXBuildFile; fileRef = A70EEEE420E5C17600BD213C /* helloxcodeTests.swift */; };
		A70EEEF020E5C17600BD213C /* helloxcodeUITests.swift in Sources */ = {isa = PBXBuildFile; fileRef = A70EEEEF20E5C17600BD213C /* helloxcodeUITests.swift */; };
/* End PBXBuildFile section */

/* Begin PBXContainerItemProxy section */
		A70EEEE120E5C17600BD213C /* PBXContainerItemProxy */ = {
			isa = PBXContainerItemProxy;
			containerPortal = A70EEEC420E5C16E00BD213C /* Project object */;
			proxyType = 1;
			remoteGlobalIDString = A70EEECB20E5C16E00BD213C;
			remoteInfo = helloxcode;
		};
		A70EEEEC20E5C17600BD213C /* PBXContainerItemProxy */ = {
			isa = PBXContainerItemProxy;
			containerPortal = A70EEEC420E5C16E00BD213C /* Project object */;
			proxyType = 1;
			remoteGlobalIDString = A70EEECB20E5C16E00BD213C;
			remoteInfo = helloxcode;
		};
/* End PBXContainerItemProxy section */

/* Begin PBXFileReference section */
		A70EEECC20E5C16E00BD213C /* helloxcode.app */ = {isa = PBXFileReference; explicitFileType = wrapper.application; includeInIndex = 0; path = helloxcode.app; sourceTree = BUILT_PRODUCTS_DIR; };
		A70EEECF20E5C16E00BD213C /* AppDelegate.swift */ = {isa = PBXFileReference; lastKnownFileType = sourcecode.swift; path = AppDelegate.swift; sourceTree = "<group>"; };
		A70EEED120E5C16E00BD213C /* ViewController.swift */ = {isa = PBXFileReference; lastKnownFileType = sourcecode.swift; path = ViewController.swift; sourceTree = "<group>"; };
		A70EEED420E5C16E00BD213C /* Base */ = {isa = PBXFileReference; lastKnownFileType = file.storyboard; name = Base; path = Base.lproj/Main.storyboard; sourceTree = "<group>"; };
		A70EEED620E5C17500BD213C /* Assets.xcassets */ = {isa = PBXFileReference; lastKnownFileType = folder.assetcatalog; path = Assets.xcassets; sourceTree = "<group>"; };
		A70EEED920E5C17500BD213C /* Base */ = {isa = PBXFileReference; lastKnownFileType = file.storyboard; name = Base; path = Base.lproj/LaunchScreen.storyboard; sourceTree = "<group>"; };
		A70EEEDB20E5C17500BD213C /* Info.plist */ = {isa = PBXFileReference; lastKnownFileType = text.plist.xml; path = Info.plist; sourceTree = "<group>"; };
		A70EEEE020E5C17600BD213C /* helloxcodeTests.xctest */ = {isa = PBXFileReference; explicitFileType = wrapper.cfbundle; includeInIndex = 0; path = helloxcodeTests.xctest; sourceTree = BUILT_PRODUCTS_DIR; };
		A70EEEE420E5C17600BD213C /* helloxcodeTests.swift */ = {isa = PBXFileReference; lastKnownFileType = sourcecode.swift; path = helloxcodeTests.swift; sourceTree = "<group>"; };
		A70EEEE620E5C17600BD213C /* Info.plist */ = {isa = PBXFileReference; lastKnownFileType = text.plist.xml; path = Info.plist; sourceTree = "<group>"; };
		A70EEEEB20E5C17600BD213C /* helloxcodeUITests.xctest */ = {isa = PBXFileReference; explicitFileType = wrapper.cfbundle; includeInIndex = 0; path = helloxcodeUITests.xctest; sourceTree = BUILT_PRODUCTS_DIR; };
		A70EEEEF20E5C17600BD213C /* helloxcodeUITests.swift */ = {isa = PBXFileReference; lastKnownFileType = sourcecode.swift; path = helloxcodeUITests.swift; sourceTree = "<group>"; };
		A70EEEF120E5C17600BD213C /* Info.plist */ = {isa = PBXFileReference; lastKnownFileType = text.plist.xml; path = Info.plist; sourceTree = "<group>"; };
/* End PBXFileReference section */

/* Begin PBXFrameworksBuildPhase section */
		A70EEEC920E5C16E00BD213C /* Frameworks */ = {
			isa = PBXFrameworksBuildPhase;
			buildActionMask = 2147483647;
			files = (
			);
			runOnlyForDeploymentPostprocessing = 0;
		};
		A70EEEDD20E5C17600BD213C /* Frameworks */ = {
			isa = PBXFrameworksBuildPhase;
			buildActionMask = 2147483647;
			files = (
			);
			runOnlyForDeploymentPostprocessing = 0;
		};
		A70EEEE820E5C17600BD213C /* Frameworks */ = {
			isa = PBXFrameworksBuildPhase;
			buildActionMask = 2147483647;
			files = (
			);
			runOnlyForDeploymentPostprocessing = 0;
		};
/* End PBXFrameworksBuildPhase section */

/* Begin PBXGroup section */
		A70EEEC320E5C16E00BD213C = {
			isa = PBXGroup;
			children = (
				A70EEECE20E5C16E00BD213C /* helloxcode */,
				A70EEEE320E5C17600BD213C /* helloxcodeTests */,
				A70EEEEE20E5C17600BD213C /* helloxcodeUITests */,
				A70EEECD20E5C16E00BD213C /* Products */,
			);
			sourceTree = "<group>";
		};
		A70EEECD20E5C16E00BD213C /* Products */ = {
			isa = PBXGroup;
			children = (
				A70EEECC20E5C16E00BD213C /* helloxcode.app */,
				A70EEEE020E5C17600BD213C /* helloxcodeTests.xctest */,
				A70EEEEB20E5C17600BD213C /* helloxcodeUITests.xctest */,
			);
			name = Products;
			sourceTree = "<group>";
		};
		A70EEECE20E5C16E00BD213C /* helloxcode */ = {
			isa = PBXGroup;
			children = (
				A70EEECF20E5C16E00BD213C /* AppDelegate.swift */,
				A70EEED120E5C16E00BD213C /* ViewController.swift */,
				A70EEED320E5C16E00BD213C /* Main.storyboard */,
				A70EEED620E5C17500BD213C /* Assets.xcassets */,
				A70EEED820E5C17500BD213C /* LaunchScreen.storyboard */,
				A70EEEDB20E5C17500BD213C /* Info.plist */,
			);
			path = helloxcode;
			sourceTree = "<group>";
		};
		A70EEEE320E5C17600BD213C /* helloxcodeTests */ = {
			isa = PBXGroup;
			children = (
				A70EEEE420E5C17600BD213C /* helloxcodeTests.swift */,
				A70EEEE620E5C17600BD213C /* Info.plist */,
			);
			path = helloxcodeTests;
			sourceTree = "<group>";
		};
		A70EEEEE20E5C17600BD213C /* helloxcodeUITests */ = {
			isa = PBXGroup;
			children = (
				A70EEEEF20E5C17600BD213C /* helloxcodeUITests.swift */,
				A70EEEF120E5C17600BD213C /* Info.plist */,
			);
			path = helloxcodeUITests;
			sourceTree = "<group>";
		};
/* End PBXGroup section */

/* Begin PBXNativeTarget section */
		A70EEECB20E5C16E00BD213C /* helloxcode */ = {
			isa = PBXNativeTarget;
			buildConfigurationList = A70EEEF420E5C17600BD213C /* Build configuration list for PBXNativeTarget "helloxcode" */;
			buildPhases = (
				A70EEEC820E5C16E00BD213C /* Sources */,
				A70EEEC920E5C16E00BD213C /* Frameworks */,
				A70EEECA20E5C16E00BD213C /* Resources */,
			);
			buildRules = (
			);
			dependencies = (
			);
			name = helloxcode;
			productName = helloxcode;
			productReference = A70EEECC20E5C16E00BD213C /* helloxcode.app */;
			productType = "com.apple.product-type.application";
		};
		A70EEEDF20E5C17600BD213C /* helloxcodeTests */ = {
			isa = PBXNativeTarget;
			buildConfigurationList = A70EEEF720E5C17600BD213C /* Build configuration list for PBXNativeTarget "helloxcodeTests" */;
			buildPhases = (
				A70EEEDC20E5C17600BD213C /* Sources */,
				A70EEEDD20E5C17600BD213C /* Frameworks */,
				A70EEEDE20E5C17600BD213C /* Resources */,
			);
			buildRules = (
			);
			dependencies = (
				A70EEEE220E5C17600BD213C /* PBXTargetDependency */,
			);
			name = helloxcodeTests;
			productName = helloxcodeTests;
			productReference = A70EEEE020E5C17600BD213C /* helloxcodeTests.xctest */;
			productType = "com.apple.product-type.bundle.unit-test";
		};
		A70EEEEA20E5C17600BD213C /* helloxcodeUITests */ = {
			isa = PBXNativeTarget;
			buildConfigurationList = A70EEEFA20E5C17600BD213C /* Build configuration list for PBXNativeTarget "helloxcodeUITests" */;
			buildPhases = (
				A70EEEE720E5C17600BD213C /* Sources */,
				A70EEEE820E5C17600BD213C /* Frameworks */,
				A70EEEE920E5C17600BD213C /* Resources */,
			);
			buildRules = (
			);
			dependencies = (
				A70EEEED20E5C17600BD213C /* PBXTargetDependency */,
			);
			name = helloxcodeUITests;
			productName = helloxcodeUITests;
			productReference = A70EEEEB20E5C17600BD213C /* helloxcodeUITests.xctest */;
			productType = "com.apple.product-type.bundle.ui-testing";
		};
/* End PBXNativeTarget section */

/* Begin PBXProject section */
		A70EEEC420E5C16E00BD213C /* Project object */ = {
			isa = PBXProject;
			attributes = {
				LastSwiftUpdateCheck = 0940;
				LastUpgradeCheck = 0940;
				ORGANIZATIONNAME = Eiki;
				TargetAttributes = {
					A70EEECB20E5C16E00BD213C = {
						CreatedOnToolsVersion = 9.4.1;
					};
					A70EEEDF20E5C17600BD213C = {
						CreatedOnToolsVersion = 9.4.1;
						TestTargetID = A70EEECB20E5C16E00BD213C;
					};
					A70EEEEA20E5C17600BD213C = {
						CreatedOnToolsVersion = 9.4.1;
						TestTargetID = A70EEECB20E5C16E00BD213C;
					};
				};
			};
			buildConfigurationList = A70EEEC720E5C16E00BD213C /* Build configuration list for PBXProject "helloxcode" */;
			compatibilityVersion = "Xcode 9.3";
			developmentRegion = en;
			hasScannedForEncodings = 0;
			knownRegions = (
				en,
				Base,
			);
			mainGroup = A70EEEC320E5C16E00BD213C;
			productRefGroup = A70EEECD20E5C16E00BD213C /* Products */;
			projectDirPath = "";
			projectRoot = "";
			targets = (
				A70EEECB20E5C16E00BD213C /* helloxcode */,
				A70EEEDF20E5C17600BD213C /* helloxcodeTests */,
				A70EEEEA20E5C17600BD213C /* helloxcodeUITests */,
			);
		};
/* End PBXProject section */

/* Begin PBXResourcesBuildPhase section */
		A70EEECA20E5C16E00BD213C /* Resources */ = {
			isa = PBXResourcesBuildPhase;
			buildActionMask = 2147483647;
			files = (
				A70EEEDA20E5C17500BD213C /* LaunchScreen.storyboard in Resources */,
				A70EEED720E5C17500BD213C /* Assets.xcassets in Resources */,
				A70EEED520E5C16E00BD213C /* Main.storyboard in Resources */,
			);
			runOnlyForDeploymentPostprocessing = 0;
		};
		A70EEEDE20E5C17600BD213C /* Resources */ = {
			isa = PBXResourcesBuildPhase;
			buildActionMask = 2147483647;
			files = (
			);
			runOnlyForDeploymentPostprocessing = 0;
		};
		A70EEEE920E5C17600BD213C /* Resources */ = {
			isa = PBXResourcesBuildPhase;
			buildActionMask = 2147483647;
			files = (
			);
			runOnlyForDeploymentPostprocessing = 0;
		};
/* End PBXResourcesBuildPhase section */

/* Begin PBXSourcesBuildPhase section */
		A70EEEC820E5C16E00BD213C /* Sources */ = {
			isa = PBXSourcesBuildPhase;
			buildActionMask = 2147483647;
			files = (
				A70EEED220E5C16E00BD213C /* ViewController.swift in Sources */,
				A70EEED020E5C16E00BD213C /* AppDelegate.swift in Sources */,
			);
			runOnlyForDeploymentPostprocessing = 0;
		};
		A70EEEDC20E5C17600BD213C /* Sources */ = {
			isa = PBXSourcesBuildPhase;
			buildActionMask = 2147483647;
			files = (
				A70EEEE520E5C17600BD213C /* helloxcodeTests.swift in Sources */,
			);
			runOnlyForDeploymentPostprocessing = 0;
		};
		A70EEEE720E5C17600BD213C /* Sources */ = {
			isa = PBXSourcesBuildPhase;
			buildActionMask = 2147483647;
			files = (
				A70EEEF020E5C17600BD213C /* helloxcodeUITests.swift in Sources */,
			);
			runOnlyForDeploymentPostprocessing = 0;
		};
/* End PBXSourcesBuildPhase section */

/* Begin PBXTargetDependency section */
		A70EEEE220E5C17600BD213C /* PBXTargetDependency */ = {
			isa = PBXTargetDependency;
			target = A70EEECB20E5C16E00BD213C /* helloxcode */;
			targetProxy = A70EEEE120E5C17600BD213C /* PBXContainerItemProxy */;
		};
		A70EEEED20E5C17600BD213C /* PBXTargetDependency */ = {
			isa = PBXTargetDependency;
			target = A70EEECB20E5C16E00BD213C /* helloxcode */;
			targetProxy = A70EEEEC20E5C17600BD213C /* PBXContainerItemProxy */;
		};
/* End PBXTargetDependency section */

/* Begin PBXVariantGroup section */
		A70EEED320E5C16E00BD213C /* Main.storyboard */ = {
			isa = PBXVariantGroup;
			children = (
				A70EEED420E5C16E00BD213C /* Base */,
			);
			name = Main.storyboard;
			sourceTree = "<group>";
		};
		A70EEED820E5C17500BD213C /* LaunchScreen.storyboard */ = {
			isa = PBXVariantGroup;
			children = (
				A70EEED920E5C17500BD213C /* Base */,
			);
			name = LaunchScreen.storyboard;
			sourceTree = "<group>";
		};
/* End PBXVariantGroup section */

/* Begin XCBuildConfiguration section */
		A70EEEF220E5C17600BD213C /* Debug */ = {
			isa = XCBuildConfiguration;
			buildSettings = {
				ALWAYS_SEARCH_USER_PATHS = NO;
				CLANG_ANALYZER_NONNULL = YES;
				CLANG_ANALYZER_NUMBER_OBJECT_CONVERSION = YES_AGGRESSIVE;
				CLANG_CXX_LANGUAGE_STANDARD = "gnu++14";
				CLANG_CXX_LIBRARY = "libc++";
				CLANG_ENABLE_MODULES = YES;
				CLANG_ENABLE_OBJC_ARC = YES;
				CLANG_ENABLE_OBJC_WEAK = YES;
				CLANG_WARN_BLOCK_CAPTURE_AUTORELEASING = YES;
				CLANG_WARN_BOOL_CONVERSION = YES;
				CLANG_WARN_COMMA = YES;
				CLANG_WARN_CONSTANT_CONVERSION = YES;
				CLANG_WARN_DEPRECATED_OBJC_IMPLEMENTATIONS = YES;
				CLANG_WARN_DIRECT_OBJC_ISA_USAGE = YES_ERROR;
				CLANG_WARN_DOCUMENTATION_COMMENTS = YES;
				CLANG_WARN_EMPTY_BODY = YES;
				CLANG_WARN_ENUM_CONVERSION = YES;
				CLANG_WARN_INFINITE_RECURSION = YES;
				CLANG_WARN_INT_CONVERSION = YES;
				CLANG_WARN_NON_LITERAL_NULL_CONVERSION = YES;
				CLANG_WARN_OBJC_IMPLICIT_RETAIN_SELF = YES;
				CLANG_WARN_OBJC_LITERAL_CONVERSION = YES;
				CLANG_WARN_OBJC_ROOT_CLASS = YES_ERROR;
				CLANG_WARN_RANGE_LOOP_ANALYSIS = YES;
				CLANG_WARN_STRICT_PROTOTYPES = YES;
				CLANG_WARN_SUSPICIOUS_MOVE = YES;
				CLANG_WARN_UNGUARDED_AVAILABILITY = YES_AGGRESSIVE;
				CLANG_WARN_UNREACHABLE_CODE = YES;
				CLANG_WARN__DUPLICATE_METHOD_MATCH = YES;
				CODE_SIGN_IDENTITY = "iPhone Developer";
				COPY_PHASE_STRIP = NO;
				DEBUG_INFORMATION_FORMAT = dwarf;
				ENABLE_STRICT_OBJC_MSGSEND = YES;
				ENABLE_TESTABILITY = YES;
				GCC_C_LANGUAGE_STANDARD = gnu11;
				GCC_DYNAMIC_NO_PIC = NO;
				GCC_NO_COMMON_BLOCKS = YES;
				GCC_OPTIMIZATION_LEVEL = 0;
				GCC_PREPROCESSOR_DEFINITIONS = (
					"DEBUG=1",
					"$(inherited)",
				);
				GCC_WARN_64_TO_32_BIT_CONVERSION = YES;
				GCC_WARN_ABOUT_RETURN_TYPE = YES_ERROR;
				GCC_WARN_UNDECLARED_SELECTOR = YES;
				GCC_WARN_UNINITIALIZED_AUTOS = YES_AGGRESSIVE;
				GCC_WARN_UNUSED_FUNCTION = YES;
				GCC_WARN_UNUSED_VARIABLE = YES;
				IPHONEOS_DEPLOYMENT_TARGET = 11.4;
				MTL_ENABLE_DEBUG_INFO = YES;
				ONLY_ACTIVE_ARCH = YES;
				SDKROOT = iphoneos;
				SWIFT_ACTIVE_COMPILATION_CONDITIONS = DEBUG;
				SWIFT_OPTIMIZATION_LEVEL = "-Onone";
			};
			name = Debug;
		};
		A70EEEF320E5C17600BD213C /* Release */ = {
			isa = XCBuildConfiguration;
			buildSettings = {
				ALWAYS_SEARCH_USER_PATHS = NO;
				CLANG_ANALYZER_NONNULL = YES;
				CLANG_ANALYZER_NUMBER_OBJECT_CONVERSION = YES_AGGRESSIVE;
				CLANG_CXX_LANGUAGE_STANDARD = "gnu++14";
				CLANG_CXX_LIBRARY = "libc++";
				CLANG_ENABLE_MODULES = YES;
				CLANG_ENABLE_OBJC_ARC = YES;
				CLANG_ENABLE_OBJC_WEAK = YES;
				CLANG_WARN_BLOCK_CAPTURE_AUTORELEASING = YES;
				CLANG_WARN_BOOL_CONVERSION = YES;
				CLANG_WARN_COMMA = YES;
				CLANG_WARN_CONSTANT_CONVERSION = YES;
				CLANG_WARN_DEPRECATED_OBJC_IMPLEMENTATIONS = YES;
				CLANG_WARN_DIRECT_OBJC_ISA_USAGE = YES_ERROR;
				CLANG_WARN_DOCUMENTATION_COMMENTS = YES;
				CLANG_WARN_EMPTY_BODY = YES;
				CLANG_WARN_ENUM_CONVERSION = YES;
				CLANG_WARN_INFINITE_RECURSION = YES;
				CLANG_WARN_INT_CONVERSION = YES;
				CLANG_WARN_NON_LITERAL_NULL_CONVERSION = YES;
				CLANG_WARN_OBJC_IMPLICIT_RETAIN_SELF = YES;
				CLANG_WARN_OBJC_LITERAL_CONVERSION = YES;
				CLANG_WARN_OBJC_ROOT_CLASS = YES_ERROR;
				CLANG_WARN_RANGE_LOOP_ANALYSIS = YES;
				CLANG_WARN_STRICT_PROTOTYPES = YES;
				CLANG_WARN_SUSPICIOUS_MOVE = YES;
				CLANG_WARN_UNGUARDED_AVAILABILITY = YES_AGGRESSIVE;
				CLANG_WARN_UNREACHABLE_CODE = YES;
				CLANG_WARN__DUPLICATE_METHOD_MATCH = YES;
				CODE_SIGN_IDENTITY = "iPhone Developer";
				COPY_PHASE_STRIP = NO;
				DEBUG_INFORMATION_FORMAT = "dwarf-with-dsym";
				ENABLE_NS_ASSERTIONS = NO;
				ENABLE_STRICT_OBJC_MSGSEND = YES;
				GCC_C_LANGUAGE_STANDARD = gnu11;
				GCC_NO_COMMON_BLOCKS = YES;
				GCC_WARN_64_TO_32_BIT_CONVERSION = YES;
				GCC_WARN_ABOUT_RETURN_TYPE = YES_ERROR;
				GCC_WARN_UNDECLARED_SELECTOR = YES;
				GCC_WARN_UNINITIALIZED_AUTOS = YES_AGGRESSIVE;
				GCC_WARN_UNUSED_FUNCTION = YES;
				GCC_WARN_UNUSED_VARIABLE = YES;
				IPHONEOS_DEPLOYMENT_TARGET = 11.4;
				MTL_ENABLE_DEBUG_INFO = NO;
				SDKROOT = iphoneos;
				SWIFT_COMPILATION_MODE = wholemodule;
				SWIFT_OPTIMIZATION_LEVEL = "-O";
				VALIDATE_PRODUCT = YES;
			};
			name = Release;
		};
		A70EEEF520E5C17600BD213C /* Debug */ = {
			isa = XCBuildConfiguration;
			buildSettings = {
				ASSETCATALOG_COMPILER_APPICON_NAME = AppIcon;
				CODE_SIGN_STYLE = Automatic;
				INFOPLIST_FILE = helloxcode/Info.plist;
				LD_RUNPATH_SEARCH_PATHS = (
					"$(inherited)",
					"@executable_path/Frameworks",
				);
				PRODUCT_BUNDLE_IDENTIFIER = Kanaoka.helloxcode;
				PRODUCT_NAME = "$(TARGET_NAME)";
				SWIFT_VERSION = 4.0;
				TARGETED_DEVICE_FAMILY = "1,2";
			};
			name = Debug;
		};
		A70EEEF620E5C17600BD213C /* Release */ = {
			isa = XCBuildConfiguration;
			buildSettings = {
				ASSETCATALOG_COMPILER_APPICON_NAME = AppIcon;
				CODE_SIGN_STYLE = Automatic;
				INFOPLIST_FILE = helloxcode/Info.plist;
				LD_RUNPATH_SEARCH_PATHS = (
					"$(inherited)",
					"@executable_path/Frameworks",
				);
				PRODUCT_BUNDLE_IDENTIFIER = Kanaoka.helloxcode;
				PRODUCT_NAME = "$(TARGET_NAME)";
				SWIFT_VERSION = 4.0;
				TARGETED_DEVICE_FAMILY = "1,2";
			};
			name = Release;
		};
		A70EEEF820E5C17600BD213C /* Debug */ = {
			isa = XCBuildConfiguration;
			buildSettings = {
				ALWAYS_EMBED_SWIFT_STANDARD_LIBRARIES = YES;
				BUNDLE_LOADER = "$(TEST_HOST)";
				CODE_SIGN_STYLE = Automatic;
				INFOPLIST_FILE = helloxcodeTests/Info.plist;
				LD_RUNPATH_SEARCH_PATHS = (
					"$(inherited)",
					"@executable_path/Frameworks",
					"@loader_path/Frameworks",
				);
				PRODUCT_BUNDLE_IDENTIFIER = Kanaoka.helloxcodeTests;
				PRODUCT_NAME = "$(TARGET_NAME)";
				SWIFT_VERSION = 4.0;
				TARGETED_DEVICE_FAMILY = "1,2";
				TEST_HOST = "$(BUILT_PRODUCTS_DIR)/helloxcode.app/helloxcode";
			};
			name = Debug;
		};
		A70EEEF920E5C17600BD213C /* Release */ = {
			isa = XCBuildConfiguration;
			buildSettings = {
				ALWAYS_EMBED_SWIFT_STANDARD_LIBRARIES = YES;
				BUNDLE_LOADER = "$(TEST_HOST)";
				CODE_SIGN_STYLE = Automatic;
				INFOPLIST_FILE = helloxcodeTests/Info.plist;
				LD_RUNPATH_SEARCH_PATHS = (
					"$(inherited)",
					"@executable_path/Frameworks",
					"@loader_path/Frameworks",
				);
				PRODUCT_BUNDLE_IDENTIFIER = Kanaoka.helloxcodeTests;
				PRODUCT_NAME = "$(TARGET_NAME)";
				SWIFT_VERSION = 4.0;
				TARGETED_DEVICE_FAMILY = "1,2";
				TEST_HOST = "$(BUILT_PRODUCTS_DIR)/helloxcode.app/helloxcode";
			};
			name = Release;
		};
		A70EEEFB20E5C17600BD213C /* Debug */ = {
			isa = XCBuildConfiguration;
			buildSettings = {
				ALWAYS_EMBED_SWIFT_STANDARD_LIBRARIES = YES;
				CODE_SIGN_STYLE = Automatic;
				INFOPLIST_FILE = helloxcodeUITests/Info.plist;
				LD_RUNPATH_SEARCH_PATHS = (
					"$(inherited)",
					"@executable_path/Frameworks",
					"@loader_path/Frameworks",
				);
				PRODUCT_BUNDLE_IDENTIFIER = Kanaoka.helloxcodeUITests;
				PRODUCT_NAME = "$(TARGET_NAME)";
				SWIFT_VERSION = 4.0;
				TARGETED_DEVICE_FAMILY = "1,2";
				TEST_TARGET_NAME = helloxcode;
			};
			name = Debug;
		};
		A70EEEFC20E5C17600BD213C /* Release */ = {
			isa = XCBuildConfiguration;
			buildSettings = {
				ALWAYS_EMBED_SWIFT_STANDARD_LIBRARIES = YES;
				CODE_SIGN_STYLE = Automatic;
				INFOPLIST_FILE = helloxcodeUITests/Info.plist;
				LD_RUNPATH_SEARCH_PATHS = (
					"$(inherited)",
					"@executable_path/Frameworks",
					"@loader_path/Frameworks",
				);
				PRODUCT_BUNDLE_IDENTIFIER = Kanaoka.helloxcodeUITests;
				PRODUCT_NAME = "$(TARGET_NAME)";
				SWIFT_VERSION = 4.0;
				TARGETED_DEVICE_FAMILY = "1,2";
				TEST_TARGET_NAME = helloxcode;
			};
			name = Release;
		};
/* End XCBuildConfiguration section */

/* Begin XCConfigurationList section */
		A70EEEC720E5C16E00BD213C /* Build configuration list for PBXProject "helloxcode" */ = {
			isa = XCConfigurationList;
			buildConfigurations = (
				A70EEEF220E5C17600BD213C /* Debug */,
				A70EEEF320E5C17600BD213C /* Release */,
			);
			defaultConfigurationIsVisible = 0;
			defaultConfigurationName = Release;
		};
		A70EEEF420E5C17600BD213C /* Build configuration list for PBXNativeTarget "helloxcode" */ = {
			isa = XCConfigurationList;
			buildConfigurations = (
				A70EEEF520E5C17600BD213C /* Debug */,
				A70EEEF620E5C17600BD213C /* Release */,
			);
			defaultConfigurationIsVisible = 0;
			defaultConfigurationName = Release;
		};
		A70EEEF720E5C17600BD213C /* Build configuration list for PBXNativeTarget "helloxcodeTests" */ = {
			isa = XCConfigurationList;
			buildConfigurations = (
				A70EEEF820E5C17600BD213C /* Debug */,
				A70EEEF920E5C17600BD213C /* Release */,
			);
			defaultConfigurationIsVisible = 0;
			defaultConfigurationName = Release;
		};
		A70EEEFA20E5C17600BD213C /* Build configuration list for PBXNativeTarget "helloxcodeUITests" */ = {
			isa = XCConfigurationList;
			buildConfigurations = (
				A70EEEFB20E5C17600BD213C /* Debug */,
				A70EEEFC20E5C17600BD213C /* Release */,
			);
			defaultConfigurationIsVisible = 0;
			defaultConfigurationName = Release;
		};
/* End XCConfigurationList section */
	};
	rootObject = A70EEEC420E5C16E00BD213C /* Project object */;
}
